
Microsoft Visual Studio Solution File, Format Version 12.00
# Visual Studio 15
VisualStudioVersion = 15.0.28010.2026
MinimumVisualStudioVersion = 10.0.40219.1
Project("{FAE04EC0-301F-11D3-BF4B-00C04F79EFBC}") = "CapaPresentacion", "Capstone5\CapaPresentacion.csproj", "{0F61217E-B395-4FC2-BC8F-CE8C8479075D}"
EndProject
Project("{FAE04EC0-301F-11D3-BF4B-00C04F79EFBC}") = "DALayer", "DALayer\DALayer.csproj", "{70544D63-402C-4162-B600-F7E4D2B2CE79}"
EndProject
Project("{FAE04EC0-301F-11D3-BF4B-00C04F79EFBC}") = "BLogicLayer", "BLogicLayer\BLogicLayer.csproj", "{C4E866F1-2B71-43FD-AD8C-5C2DCA23269C}"
EndProject
Project("{FAE04EC0-301F-11D3-BF4B-00C04F79EFBC}") = "EntitiesLayer", "EntitiesLayer\EntitiesLayer.csproj", "{0D615944-C6D1-4489-B331-B7B054FE504E}"
EndProject
Global
	GlobalSection(SolutionConfigurationPlatforms) = preSolution
		Debug|Any CPU = Debug|Any CPU
		Release|Any CPU = Release|Any CPU
	EndGlobalSection
	GlobalSection(ProjectConfigurationPlatforms) = postSolution
		{0F61217E-B395-4FC2-BC8F-CE8C8479075D}.Debug|Any CPU.ActiveCfg = Debug|Any CPU
		{0F61217E-B395-4FC2-BC8F-CE8C8479075D}.Debug|Any CPU.Build.0 = Debug|Any CPU
		{0F61217E-B395-4FC2-BC8F-CE8C8479075D}.Release|Any CPU.ActiveCfg = Release|Any CPU
		{0F61217E-B395-4FC2-BC8F-CE8C8479075D}.Release|Any CPU.Build.0 = Release|Any CPU
		{70544D63-402C-4162-B600-F7E4D2B2CE79}.Debug|Any CPU.ActiveCfg = Debug|Any CPU
		{70544D63-402C-4162-B600-F7E4D2B2CE79}.Debug|Any CPU.Build.0 = Debug|Any CPU
		{70544D63-402C-4162-B600-F7E4D2B2CE79}.Release|Any CPU.ActiveCfg = Release|Any CPU
		{70544D63-402C-4162-B600-F7E4D2B2CE79}.Release|Any CPU.Build.0 = Release|Any CPU
		{C4E866F1-2B71-43FD-AD8C-5C2DCA23269C}.Debug|Any CPU.ActiveCfg = Debug|Any CPU
		{C4E866F1-2B71-43FD-AD8C-5C2DCA23269C}.Debug|Any CPU.Build.0 = Debug|Any CPU
		{C4E866F1-2B71-43FD-AD8C-5C2DCA23269C}.Release|Any CPU.ActiveCfg = Release|Any CPU
		{C4E866F1-2B71-43FD-AD8C-5C2DCA23269C}.Release|Any CPU.Build.0 = Release|Any CPU
		{0D615944-C6D1-4489-B331-B7B054FE504E}.Debug|Any CPU.ActiveCfg = Debug|Any CPU
		{0D615944-C6D1-4489-B331-B7B054FE504E}.Debug|Any CPU.Build.0 = Debug|Any CPU
		{0D615944-C6D1-4489-B331-B7B054FE504E}.Release|Any CPU.ActiveCfg = Release|Any CPU
		{0D615944-C6D1-4489-B331-B7B054FE504E}.Release|Any CPU.Build.0 = Release|Any CPU
	EndGlobalSection
	GlobalSection(SolutionProperties) = preSolution
		HideSolutionNode = FALSE
	EndGlobalSection
	GlobalSection(ExtensibilityGlobals) = postSolution
		SolutionGuid = {85359996-E12B-4252-868B-0E38DB97536D}
	EndGlobalSection
EndGlobal
